
Microsoft Visual Studio Solution File, Format Version 12.00
# Visual Studio Version 17
VisualStudioVersion = 17.9.34407.89
MinimumVisualStudioVersion = 10.0.40219.1
Project("{2150E333-8FDC-42A3-9474-1A3956D46DE8}") = "FrontEnd", "FrontEnd", "{B45E977A-E7CF-47CA-8163-3E4B28B95D6E}"
EndProject
Project("{2150E333-8FDC-42A3-9474-1A3956D46DE8}") = "Integration", "Integration", "{CA742FEB-3654-4EA9-99F7-1975A9ACA048}"
EndProject
Project("{2150E333-8FDC-42A3-9474-1A3956D46DE8}") = "Gateway", "Gateway", "{D3DF2495-2888-4230-AEF2-A55DF68E74D2}"
EndProject
Project("{2150E333-8FDC-42A3-9474-1A3956D46DE8}") = "Services", "Services", "{61E1A9D3-3691-4759-8A22-2532661366C1}"
EndProject
Project("{9A19103F-16F7-4668-BE54-9A1E7A4F7556}") = "Mango.Services.CouponAPI", "Mango.Services.CouponAPI\Mango.Services.CouponAPI.csproj", "{E59740A6-E9EF-443B-BE2A-5C46993BED3B}"
EndProject
Project("{FAE04EC0-301F-11D3-BF4B-00C04F79EFBC}") = "Mango.Web", "Mango.Web\Mango.Web.csproj", "{B98D2F6E-C93E-4AE5-994C-5DCF3272CC84}"
EndProject
Global
	GlobalSection(SolutionConfigurationPlatforms) = preSolution
		Debug|Any CPU = Debug|Any CPU
		Release|Any CPU = Release|Any CPU
	EndGlobalSection
	GlobalSection(ProjectConfigurationPlatforms) = postSolution
		{E59740A6-E9EF-443B-BE2A-5C46993BED3B}.Debug|Any CPU.ActiveCfg = Debug|Any CPU
		{E59740A6-E9EF-443B-BE2A-5C46993BED3B}.Debug|Any CPU.Build.0 = Debug|Any CPU
		{E59740A6-E9EF-443B-BE2A-5C46993BED3B}.Release|Any CPU.ActiveCfg = Release|Any CPU
		{E59740A6-E9EF-443B-BE2A-5C46993BED3B}.Release|Any CPU.Build.0 = Release|Any CPU
		{B98D2F6E-C93E-4AE5-994C-5DCF3272CC84}.Debug|Any CPU.ActiveCfg = Debug|Any CPU
		{B98D2F6E-C93E-4AE5-994C-5DCF3272CC84}.Debug|Any CPU.Build.0 = Debug|Any CPU
		{B98D2F6E-C93E-4AE5-994C-5DCF3272CC84}.Release|Any CPU.ActiveCfg = Release|Any CPU
		{B98D2F6E-C93E-4AE5-994C-5DCF3272CC84}.Release|Any CPU.Build.0 = Release|Any CPU
	EndGlobalSection
	GlobalSection(SolutionProperties) = preSolution
		HideSolutionNode = FALSE
	EndGlobalSection
	GlobalSection(NestedProjects) = preSolution
		{E59740A6-E9EF-443B-BE2A-5C46993BED3B} = {61E1A9D3-3691-4759-8A22-2532661366C1}
		{B98D2F6E-C93E-4AE5-994C-5DCF3272CC84} = {B45E977A-E7CF-47CA-8163-3E4B28B95D6E}
	EndGlobalSection
	GlobalSection(ExtensibilityGlobals) = postSolution
		SolutionGuid = {3156FABF-4FAE-460A-944C-E246D15473BE}
	EndGlobalSection
EndGlobal
